
Microsoft Visual Studio Solution File, Format Version 12.00
# Visual Studio Express 14 for Windows Desktop
VisualStudioVersion = 14.0.25420.1
MinimumVisualStudioVersion = 10.0.40219.1
Project("{FAE04EC0-301F-11D3-BF4B-00C04F79EFBC}") = "MiStrAnEngine", "MiStrAnEngine\MiStrAnEngine.csproj", "{B11BE1E7-4A79-4FF9-A4CB-A9A991C5C3C1}"
EndProject
Project("{FAE04EC0-301F-11D3-BF4B-00C04F79EFBC}") = "MiStrAnGH", "MiStrAnGH\MiStrAnGH.csproj", "{F3AFD935-5668-4FCC-916F-24DC61CBC8C9}"
EndProject
Global
	GlobalSection(SolutionConfigurationPlatforms) = preSolution
		Debug|Any CPU = Debug|Any CPU
		Debug64|Any CPU = Debug64|Any CPU
		Release|Any CPU = Release|Any CPU
	EndGlobalSection
	GlobalSection(ProjectConfigurationPlatforms) = postSolution
		{B11BE1E7-4A79-4FF9-A4CB-A9A991C5C3C1}.Debug|Any CPU.ActiveCfg = Debug|Any CPU
		{B11BE1E7-4A79-4FF9-A4CB-A9A991C5C3C1}.Debug|Any CPU.Build.0 = Debug|Any CPU
		{B11BE1E7-4A79-4FF9-A4CB-A9A991C5C3C1}.Debug64|Any CPU.ActiveCfg = Debug|Any CPU
		{B11BE1E7-4A79-4FF9-A4CB-A9A991C5C3C1}.Debug64|Any CPU.Build.0 = Debug|Any CPU
		{B11BE1E7-4A79-4FF9-A4CB-A9A991C5C3C1}.Release|Any CPU.ActiveCfg = Release|Any CPU
		{B11BE1E7-4A79-4FF9-A4CB-A9A991C5C3C1}.Release|Any CPU.Build.0 = Release|Any CPU
		{F3AFD935-5668-4FCC-916F-24DC61CBC8C9}.Debug|Any CPU.ActiveCfg = Debug64|Any CPU
		{F3AFD935-5668-4FCC-916F-24DC61CBC8C9}.Debug|Any CPU.Build.0 = Debug64|Any CPU
		{F3AFD935-5668-4FCC-916F-24DC61CBC8C9}.Debug64|Any CPU.ActiveCfg = Debug64|Any CPU
		{F3AFD935-5668-4FCC-916F-24DC61CBC8C9}.Debug64|Any CPU.Build.0 = Debug64|Any CPU
		{F3AFD935-5668-4FCC-916F-24DC61CBC8C9}.Release|Any CPU.ActiveCfg = Release|Any CPU
		{F3AFD935-5668-4FCC-916F-24DC61CBC8C9}.Release|Any CPU.Build.0 = Release|Any CPU
	EndGlobalSection
	GlobalSection(SolutionProperties) = preSolution
		HideSolutionNode = FALSE
	EndGlobalSection
EndGlobal
